// !$*UTF8*$!
{
	archiveVersion = 1;
	classes = {
	};
	objectVersion = 50;
	objects = {

/* Begin PBXBuildFile section */
		ED7151DE253F858B00F189BD /* AppDelegate.swift in Sources */ = {isa = PBXBuildFile; fileRef = ED7151DD253F858B00F189BD /* AppDelegate.swift */; };
		ED7151E0253F858B00F189BD /* SceneDelegate.swift in Sources */ = {isa = PBXBuildFile; fileRef = ED7151DF253F858B00F189BD /* SceneDelegate.swift */; };
		ED7151E2253F858B00F189BD /* ContentView.swift in Sources */ = {isa = PBXBuildFile; fileRef = ED7151E1253F858B00F189BD /* ContentView.swift */; };
		ED7151E4253F858C00F189BD /* Assets.xcassets in Resources */ = {isa = PBXBuildFile; fileRef = ED7151E3253F858C00F189BD /* Assets.xcassets */; };
		ED7151E7253F858C00F189BD /* Preview Assets.xcassets in Resources */ = {isa = PBXBuildFile; fileRef = ED7151E6253F858C00F189BD /* Preview Assets.xcassets */; };
		ED7151EA253F858C00F189BD /* LaunchScreen.storyboard in Resources */ = {isa = PBXBuildFile; fileRef = ED7151E8253F858C00F189BD /* LaunchScreen.storyboard */; };
		ED7151F2253F879900F189BD /* Sounds in Resources */ = {isa = PBXBuildFile; fileRef = ED7151F1253F879900F189BD /* Sounds */; };
		ED7151F4253F8CA800F189BD /* HoneymoonModel.swift in Sources */ = {isa = PBXBuildFile; fileRef = ED7151F3253F8CA800F189BD /* HoneymoonModel.swift */; };
		ED7151F7253F8D0C00F189BD /* HoneymoonData.swift in Sources */ = {isa = PBXBuildFile; fileRef = ED7151F6253F8D0C00F189BD /* HoneymoonData.swift */; };
		ED7151FA253F8DC800F189BD /* CardView.swift in Sources */ = {isa = PBXBuildFile; fileRef = ED7151F9253F8DC800F189BD /* CardView.swift */; };
/* End PBXBuildFile section */

/* Begin PBXFileReference section */
		ED7151DA253F858B00F189BD /* Honeymoon.app */ = {isa = PBXFileReference; explicitFileType = wrapper.application; includeInIndex = 0; path = Honeymoon.app; sourceTree = BUILT_PRODUCTS_DIR; };
		ED7151DD253F858B00F189BD /* AppDelegate.swift */ = {isa = PBXFileReference; lastKnownFileType = sourcecode.swift; path = AppDelegate.swift; sourceTree = "<group>"; };
		ED7151DF253F858B00F189BD /* SceneDelegate.swift */ = {isa = PBXFileReference; lastKnownFileType = sourcecode.swift; path = SceneDelegate.swift; sourceTree = "<group>"; };
		ED7151E1253F858B00F189BD /* ContentView.swift */ = {isa = PBXFileReference; lastKnownFileType = sourcecode.swift; path = ContentView.swift; sourceTree = "<group>"; };
		ED7151E3253F858C00F189BD /* Assets.xcassets */ = {isa = PBXFileReference; lastKnownFileType = folder.assetcatalog; path = Assets.xcassets; sourceTree = "<group>"; };
		ED7151E6253F858C00F189BD /* Preview Assets.xcassets */ = {isa = PBXFileReference; lastKnownFileType = folder.assetcatalog; path = "Preview Assets.xcassets"; sourceTree = "<group>"; };
		ED7151E9253F858C00F189BD /* Base */ = {isa = PBXFileReference; lastKnownFileType = file.storyboard; name = Base; path = Base.lproj/LaunchScreen.storyboard; sourceTree = "<group>"; };
		ED7151EB253F858C00F189BD /* Info.plist */ = {isa = PBXFileReference; lastKnownFileType = text.plist.xml; path = Info.plist; sourceTree = "<group>"; };
		ED7151F1253F879900F189BD /* Sounds */ = {isa = PBXFileReference; lastKnownFileType = folder; path = Sounds; sourceTree = "<group>"; };
		ED7151F3253F8CA800F189BD /* HoneymoonModel.swift */ = {isa = PBXFileReference; lastKnownFileType = sourcecode.swift; path = HoneymoonModel.swift; sourceTree = "<group>"; };
		ED7151F6253F8D0C00F189BD /* HoneymoonData.swift */ = {isa = PBXFileReference; lastKnownFileType = sourcecode.swift; path = HoneymoonData.swift; sourceTree = "<group>"; };
		ED7151F9253F8DC800F189BD /* CardView.swift */ = {isa = PBXFileReference; lastKnownFileType = sourcecode.swift; path = CardView.swift; sourceTree = "<group>"; };
/* End PBXFileReference section */

/* Begin PBXFrameworksBuildPhase section */
		ED7151D7253F858B00F189BD /* Frameworks */ = {
			isa = PBXFrameworksBuildPhase;
			buildActionMask = 2147483647;
			files = (
			);
			runOnlyForDeploymentPostprocessing = 0;
		};
/* End PBXFrameworksBuildPhase section */

/* Begin PBXGroup section */
		ED7151D1253F858B00F189BD = {
			isa = PBXGroup;
			children = (
				ED7151DC253F858B00F189BD /* Honeymoon */,
				ED7151DB253F858B00F189BD /* Products */,
			);
			sourceTree = "<group>";
		};
		ED7151DB253F858B00F189BD /* Products */ = {
			isa = PBXGroup;
			children = (
				ED7151DA253F858B00F189BD /* Honeymoon.app */,
			);
			name = Products;
			sourceTree = "<group>";
		};
		ED7151DC253F858B00F189BD /* Honeymoon */ = {
			isa = PBXGroup;
			children = (
				ED7151FB253F8DCC00F189BD /* View */,
				ED7151F5253F8CB500F189BD /* Model */,
				ED7151F8253F8D1000F189BD /* Data */,
				ED7151F1253F879900F189BD /* Sounds */,
				ED7151DD253F858B00F189BD /* AppDelegate.swift */,
				ED7151DF253F858B00F189BD /* SceneDelegate.swift */,
				ED7151E1253F858B00F189BD /* ContentView.swift */,
				ED7151E3253F858C00F189BD /* Assets.xcassets */,
				ED7151E8253F858C00F189BD /* LaunchScreen.storyboard */,
				ED7151EB253F858C00F189BD /* Info.plist */,
				ED7151E5253F858C00F189BD /* Preview Content */,
			);
			path = Honeymoon;
			sourceTree = "<group>";
		};
		ED7151E5253F858C00F189BD /* Preview Content */ = {
			isa = PBXGroup;
			children = (
				ED7151E6253F858C00F189BD /* Preview Assets.xcassets */,
			);
			path = "Preview Content";
			sourceTree = "<group>";
		};
		ED7151F5253F8CB500F189BD /* Model */ = {
			isa = PBXGroup;
			children = (
				ED7151F3253F8CA800F189BD /* HoneymoonModel.swift */,
			);
			path = Model;
			sourceTree = "<group>";
		};
		ED7151F8253F8D1000F189BD /* Data */ = {
			isa = PBXGroup;
			children = (
				ED7151F6253F8D0C00F189BD /* HoneymoonData.swift */,
			);
			path = Data;
			sourceTree = "<group>";
		};
		ED7151FB253F8DCC00F189BD /* View */ = {
			isa = PBXGroup;
			children = (
				ED7151F9253F8DC800F189BD /* CardView.swift */,
			);
			path = View;
			sourceTree = "<group>";
		};
/* End PBXGroup section */

/* Begin PBXNativeTarget section */
		ED7151D9253F858B00F189BD /* Honeymoon */ = {
			isa = PBXNativeTarget;
			buildConfigurationList = ED7151EE253F858C00F189BD /* Build configuration list for PBXNativeTarget "Honeymoon" */;
			buildPhases = (
				ED7151D6253F858B00F189BD /* Sources */,
				ED7151D7253F858B00F189BD /* Frameworks */,
				ED7151D8253F858B00F189BD /* Resources */,
			);
			buildRules = (
			);
			dependencies = (
			);
			name = Honeymoon;
			productName = Honeymoon;
			productReference = ED7151DA253F858B00F189BD /* Honeymoon.app */;
			productType = "com.apple.product-type.application";
		};
/* End PBXNativeTarget section */

/* Begin PBXProject section */
		ED7151D2253F858B00F189BD /* Project object */ = {
			isa = PBXProject;
			attributes = {
				LastSwiftUpdateCheck = 1150;
				LastUpgradeCheck = 1150;
				ORGANIZATIONNAME = "Mohsen Abdollahi";
				TargetAttributes = {
					ED7151D9253F858B00F189BD = {
						CreatedOnToolsVersion = 11.5;
					};
				};
			};
			buildConfigurationList = ED7151D5253F858B00F189BD /* Build configuration list for PBXProject "Honeymoon" */;
			compatibilityVersion = "Xcode 9.3";
			developmentRegion = en;
			hasScannedForEncodings = 0;
			knownRegions = (
				en,
				Base,
			);
			mainGroup = ED7151D1253F858B00F189BD;
			productRefGroup = ED7151DB253F858B00F189BD /* Products */;
			projectDirPath = "";
			projectRoot = "";
			targets = (
				ED7151D9253F858B00F189BD /* Honeymoon */,
			);
		};
/* End PBXProject section */

/* Begin PBXResourcesBuildPhase section */
		ED7151D8253F858B00F189BD /* Resources */ = {
			isa = PBXResourcesBuildPhase;
			buildActionMask = 2147483647;
			files = (
				ED7151EA253F858C00F189BD /* LaunchScreen.storyboard in Resources */,
				ED7151E7253F858C00F189BD /* Preview Assets.xcassets in Resources */,
				ED7151F2253F879900F189BD /* Sounds in Resources */,
				ED7151E4253F858C00F189BD /* Assets.xcassets in Resources */,
			);
			runOnlyForDeploymentPostprocessing = 0;
		};
/* End PBXResourcesBuildPhase section */

/* Begin PBXSourcesBuildPhase section */
		ED7151D6253F858B00F189BD /* Sources */ = {
			isa = PBXSourcesBuildPhase;
			buildActionMask = 2147483647;
			files = (
				ED7151F4253F8CA800F189BD /* HoneymoonModel.swift in Sources */,
				ED7151DE253F858B00F189BD /* AppDelegate.swift in Sources */,
				ED7151E0253F858B00F189BD /* SceneDelegate.swift in Sources */,
				ED7151F7253F8D0C00F189BD /* HoneymoonData.swift in Sources */,
				ED7151FA253F8DC800F189BD /* CardView.swift in Sources */,
				ED7151E2253F858B00F189BD /* ContentView.swift in Sources */,
			);
			runOnlyForDeploymentPostprocessing = 0;
		};
/* End PBXSourcesBuildPhase section */

/* Begin PBXVariantGroup section */
		ED7151E8253F858C00F189BD /* LaunchScreen.storyboard */ = {
			isa = PBXVariantGroup;
			children = (
				ED7151E9253F858C00F189BD /* Base */,
			);
			name = LaunchScreen.storyboard;
			sourceTree = "<group>";
		};
/* End PBXVariantGroup section */

/* Begin XCBuildConfiguration section */
		ED7151EC253F858C00F189BD /* Debug */ = {
			isa = XCBuildConfiguration;
			buildSettings = {
				ALWAYS_SEARCH_USER_PATHS = NO;
				CLANG_ANALYZER_NONNULL = YES;
				CLANG_ANALYZER_NUMBER_OBJECT_CONVERSION = YES_AGGRESSIVE;
				CLANG_CXX_LANGUAGE_STANDARD = "gnu++14";
				CLANG_CXX_LIBRARY = "libc++";
				CLANG_ENABLE_MODULES = YES;
				CLANG_ENABLE_OBJC_ARC = YES;
				CLANG_ENABLE_OBJC_WEAK = YES;
				CLANG_WARN_BLOCK_CAPTURE_AUTORELEASING = YES;
				CLANG_WARN_BOOL_CONVERSION = YES;
				CLANG_WARN_COMMA = YES;
				CLANG_WARN_CONSTANT_CONVERSION = YES;
				CLANG_WARN_DEPRECATED_OBJC_IMPLEMENTATIONS = YES;
				CLANG_WARN_DIRECT_OBJC_ISA_USAGE = YES_ERROR;
				CLANG_WARN_DOCUMENTATION_COMMENTS = YES;
				CLANG_WARN_EMPTY_BODY = YES;
				CLANG_WARN_ENUM_CONVERSION = YES;
				CLANG_WARN_INFINITE_RECURSION = YES;
				CLANG_WARN_INT_CONVERSION = YES;
				CLANG_WARN_NON_LITERAL_NULL_CONVERSION = YES;
				CLANG_WARN_OBJC_IMPLICIT_RETAIN_SELF = YES;
				CLANG_WARN_OBJC_LITERAL_CONVERSION = YES;
				CLANG_WARN_OBJC_ROOT_CLASS = YES_ERROR;
				CLANG_WARN_RANGE_LOOP_ANALYSIS = YES;
				CLANG_WARN_STRICT_PROTOTYPES = YES;
				CLANG_WARN_SUSPICIOUS_MOVE = YES;
				CLANG_WARN_UNGUARDED_AVAILABILITY = YES_AGGRESSIVE;
				CLANG_WARN_UNREACHABLE_CODE = YES;
				CLANG_WARN__DUPLICATE_METHOD_MATCH = YES;
				COPY_PHASE_STRIP = NO;
				DEBUG_INFORMATION_FORMAT = dwarf;
				ENABLE_STRICT_OBJC_MSGSEND = YES;
				ENABLE_TESTABILITY = YES;
				GCC_C_LANGUAGE_STANDARD = gnu11;
				GCC_DYNAMIC_NO_PIC = NO;
				GCC_NO_COMMON_BLOCKS = YES;
				GCC_OPTIMIZATION_LEVEL = 0;
				GCC_PREPROCESSOR_DEFINITIONS = (
					"DEBUG=1",
					"$(inherited)",
				);
				GCC_WARN_64_TO_32_BIT_CONVERSION = YES;
				GCC_WARN_ABOUT_RETURN_TYPE = YES_ERROR;
				GCC_WARN_UNDECLARED_SELECTOR = YES;
				GCC_WARN_UNINITIALIZED_AUTOS = YES_AGGRESSIVE;
				GCC_WARN_UNUSED_FUNCTION = YES;
				GCC_WARN_UNUSED_VARIABLE = YES;
				IPHONEOS_DEPLOYMENT_TARGET = 13.5;
				MTL_ENABLE_DEBUG_INFO = INCLUDE_SOURCE;
				MTL_FAST_MATH = YES;
				ONLY_ACTIVE_ARCH = YES;
				SDKROOT = iphoneos;
				SWIFT_ACTIVE_COMPILATION_CONDITIONS = DEBUG;
				SWIFT_OPTIMIZATION_LEVEL = "-Onone";
			};
			name = Debug;
		};
		ED7151ED253F858C00F189BD /* Release */ = {
			isa = XCBuildConfiguration;
			buildSettings = {
				ALWAYS_SEARCH_USER_PATHS = NO;
				CLANG_ANALYZER_NONNULL = YES;
				CLANG_ANALYZER_NUMBER_OBJECT_CONVERSION = YES_AGGRESSIVE;
				CLANG_CXX_LANGUAGE_STANDARD = "gnu++14";
				CLANG_CXX_LIBRARY = "libc++";
				CLANG_ENABLE_MODULES = YES;
				CLANG_ENABLE_OBJC_ARC = YES;
				CLANG_ENABLE_OBJC_WEAK = YES;
				CLANG_WARN_BLOCK_CAPTURE_AUTORELEASING = YES;
				CLANG_WARN_BOOL_CONVERSION = YES;
				CLANG_WARN_COMMA = YES;
				CLANG_WARN_CONSTANT_CONVERSION = YES;
				CLANG_WARN_DEPRECATED_OBJC_IMPLEMENTATIONS = YES;
				CLANG_WARN_DIRECT_OBJC_ISA_USAGE = YES_ERROR;
				CLANG_WARN_DOCUMENTATION_COMMENTS = YES;
				CLANG_WARN_EMPTY_BODY = YES;
				CLANG_WARN_ENUM_CONVERSION = YES;
				CLANG_WARN_INFINITE_RECURSION = YES;
				CLANG_WARN_INT_CONVERSION = YES;
				CLANG_WARN_NON_LITERAL_NULL_CONVERSION = YES;
				CLANG_WARN_OBJC_IMPLICIT_RETAIN_SELF = YES;
				CLANG_WARN_OBJC_LITERAL_CONVERSION = YES;
				CLANG_WARN_OBJC_ROOT_CLASS = YES_ERROR;
				CLANG_WARN_RANGE_LOOP_ANALYSIS = YES;
				CLANG_WARN_STRICT_PROTOTYPES = YES;
				CLANG_WARN_SUSPICIOUS_MOVE = YES;
				CLANG_WARN_UNGUARDED_AVAILABILITY = YES_AGGRESSIVE;
				CLANG_WARN_UNREACHABLE_CODE = YES;
				CLANG_WARN__DUPLICATE_METHOD_MATCH = YES;
				COPY_PHASE_STRIP = NO;
				DEBUG_INFORMATION_FORMAT = "dwarf-with-dsym";
				ENABLE_NS_ASSERTIONS = NO;
				ENABLE_STRICT_OBJC_MSGSEND = YES;
				GCC_C_LANGUAGE_STANDARD = gnu11;
				GCC_NO_COMMON_BLOCKS = YES;
				GCC_WARN_64_TO_32_BIT_CONVERSION = YES;
				GCC_WARN_ABOUT_RETURN_TYPE = YES_ERROR;
				GCC_WARN_UNDECLARED_SELECTOR = YES;
				GCC_WARN_UNINITIALIZED_AUTOS = YES_AGGRESSIVE;
				GCC_WARN_UNUSED_FUNCTION = YES;
				GCC_WARN_UNUSED_VARIABLE = YES;
				IPHONEOS_DEPLOYMENT_TARGET = 13.5;
				MTL_ENABLE_DEBUG_INFO = NO;
				MTL_FAST_MATH = YES;
				SDKROOT = iphoneos;
				SWIFT_COMPILATION_MODE = wholemodule;
				SWIFT_OPTIMIZATION_LEVEL = "-O";
				VALIDATE_PRODUCT = YES;
			};
			name = Release;
		};
		ED7151EF253F858C00F189BD /* Debug */ = {
			isa = XCBuildConfiguration;
			buildSettings = {
				ASSETCATALOG_COMPILER_APPICON_NAME = AppIcon;
				CODE_SIGN_STYLE = Automatic;
				DEVELOPMENT_ASSET_PATHS = "\"Honeymoon/Preview Content\"";
				ENABLE_PREVIEWS = YES;
				INFOPLIST_FILE = Honeymoon/Info.plist;
				LD_RUNPATH_SEARCH_PATHS = (
					"$(inherited)",
					"@executable_path/Frameworks",
				);
				PRODUCT_BUNDLE_IDENTIFIER = Mohsen.Honeymoon;
				PRODUCT_NAME = "$(TARGET_NAME)";
				SWIFT_VERSION = 5.0;
				TARGETED_DEVICE_FAMILY = "1,2";
			};
			name = Debug;
		};
		ED7151F0253F858C00F189BD /* Release */ = {
			isa = XCBuildConfiguration;
			buildSettings = {
				ASSETCATALOG_COMPILER_APPICON_NAME = AppIcon;
				CODE_SIGN_STYLE = Automatic;
				DEVELOPMENT_ASSET_PATHS = "\"Honeymoon/Preview Content\"";
				ENABLE_PREVIEWS = YES;
				INFOPLIST_FILE = Honeymoon/Info.plist;
				LD_RUNPATH_SEARCH_PATHS = (
					"$(inherited)",
					"@executable_path/Frameworks",
				);
				PRODUCT_BUNDLE_IDENTIFIER = Mohsen.Honeymoon;
				PRODUCT_NAME = "$(TARGET_NAME)";
				SWIFT_VERSION = 5.0;
				TARGETED_DEVICE_FAMILY = "1,2";
			};
			name = Release;
		};
/* End XCBuildConfiguration section */

/* Begin XCConfigurationList section */
		ED7151D5253F858B00F189BD /* Build configuration list for PBXProject "Honeymoon" */ = {
			isa = XCConfigurationList;
			buildConfigurations = (
				ED7151EC253F858C00F189BD /* Debug */,
				ED7151ED253F858C00F189BD /* Release */,
			);
			defaultConfigurationIsVisible = 0;
			defaultConfigurationName = Release;
		};
		ED7151EE253F858C00F189BD /* Build configuration list for PBXNativeTarget "Honeymoon" */ = {
			isa = XCConfigurationList;
			buildConfigurations = (
				ED7151EF253F858C00F189BD /* Debug */,
				ED7151F0253F858C00F189BD /* Release */,
			);
			defaultConfigurationIsVisible = 0;
			defaultConfigurationName = Release;
		};
/* End XCConfigurationList section */
	};
	rootObject = ED7151D2253F858B00F189BD /* Project object */;
}
